Microsoft Visual Studio Solution File, Format Version 12.00
# Visual Studio Version 17
VisualStudioVersion = 17.5.2.0
MinimumVisualStudioVersion = 10.0.40219.1
Project("{FAE04EC0-301F-11D3-BF4B-00C04F79EFBC}") = "AlGen", "AlGen.csproj", "{BEB71259-8DBF-80EE-3941-F21AEA6459B9}"
EndProject
Global
	GlobalSection(SolutionConfigurationPlatforms) = preSolution
		Debug|Any CPU = Debug|Any CPU
		Release|Any CPU = Release|Any CPU
	EndGlobalSection
	GlobalSection(ProjectConfigurationPlatforms) = postSolution
		{BEB71259-8DBF-80EE-3941-F21AEA6459B9}.Debug|Any CPU.ActiveCfg = Debug|Any CPU
		{BEB71259-8DBF-80EE-3941-F21AEA6459B9}.Debug|Any CPU.Build.0 = Debug|Any CPU
		{BEB71259-8DBF-80EE-3941-F21AEA6459B9}.Release|Any CPU.ActiveCfg = Release|Any CPU
		{BEB71259-8DBF-80EE-3941-F21AEA6459B9}.Release|Any CPU.Build.0 = Release|Any CPU
	EndGlobalSection
	GlobalSection(SolutionProperties) = preSolution
		HideSolutionNode = FALSE
	EndGlobalSection
	GlobalSection(ExtensibilityGlobals) = postSolution
		SolutionGuid = {38F3767A-AA81-424E-BA90-5A6F745A5975}
	EndGlobalSection
EndGlobal
